
Microsoft Visual Studio Solution File, Format Version 12.00
# Visual Studio 15
VisualStudioVersion = 15.0.27703.2042
MinimumVisualStudioVersion = 10.0.40219.1
Project("{FAE04EC0-301F-11D3-BF4B-00C04F79EFBC}") = "Logging", "Logging\Logging.csproj", "{732885EC-0A73-4EFD-B58C-0243A69FEF34}"
EndProject
Global
	GlobalSection(SolutionConfigurationPlatforms) = preSolution
		Debug|Any CPU = Debug|Any CPU
		Release|Any CPU = Release|Any CPU
	EndGlobalSection
	GlobalSection(ProjectConfigurationPlatforms) = postSolution
		{732885EC-0A73-4EFD-B58C-0243A69FEF34}.Debug|Any CPU.ActiveCfg = Debug|Any CPU
		{732885EC-0A73-4EFD-B58C-0243A69FEF34}.Debug|Any CPU.Build.0 = Debug|Any CPU
		{732885EC-0A73-4EFD-B58C-0243A69FEF34}.Release|Any CPU.ActiveCfg = Release|Any CPU
		{732885EC-0A73-4EFD-B58C-0243A69FEF34}.Release|Any CPU.Build.0 = Release|Any CPU
	EndGlobalSection
	GlobalSection(SolutionProperties) = preSolution
		HideSolutionNode = FALSE
	EndGlobalSection
	GlobalSection(ExtensibilityGlobals) = postSolution
		SolutionGuid = {43081E36-3E65-483B-8518-0511F15CA233}
	EndGlobalSection
EndGlobal
