
Microsoft Visual Studio Solution File, Format Version 12.00
# Visual Studio 15
VisualStudioVersion = 15.0.27703.2042
MinimumVisualStudioVersion = 10.0.40219.1
Project("{FAE04EC0-301F-11D3-BF4B-00C04F79EFBC}") = "MethodExercise(2)", "MethodExercise(2)\MethodExercise(2).csproj", "{16DA0E84-8745-4A44-AB7B-84DC2CDB6CF6}"
EndProject
Global
	GlobalSection(SolutionConfigurationPlatforms) = preSolution
		Debug|Any CPU = Debug|Any CPU
		Release|Any CPU = Release|Any CPU
	EndGlobalSection
	GlobalSection(ProjectConfigurationPlatforms) = postSolution
		{16DA0E84-8745-4A44-AB7B-84DC2CDB6CF6}.Debug|Any CPU.ActiveCfg = Debug|Any CPU
		{16DA0E84-8745-4A44-AB7B-84DC2CDB6CF6}.Debug|Any CPU.Build.0 = Debug|Any CPU
		{16DA0E84-8745-4A44-AB7B-84DC2CDB6CF6}.Release|Any CPU.ActiveCfg = Release|Any CPU
		{16DA0E84-8745-4A44-AB7B-84DC2CDB6CF6}.Release|Any CPU.Build.0 = Release|Any CPU
	EndGlobalSection
	GlobalSection(SolutionProperties) = preSolution
		HideSolutionNode = FALSE
	EndGlobalSection
	GlobalSection(ExtensibilityGlobals) = postSolution
		SolutionGuid = {C9D20321-AC21-4497-92F9-88E8A46314EA}
	EndGlobalSection
EndGlobal
