
Microsoft Visual Studio Solution File, Format Version 12.00
# Visual Studio 15
VisualStudioVersion = 15.0.27703.2042
MinimumVisualStudioVersion = 10.0.40219.1
Project("{FAE04EC0-301F-11D3-BF4B-00C04F79EFBC}") = "InsuranceQuoteExercise", "InsuranceQuoteExercise\InsuranceQuoteExercise.csproj", "{B2E31A7A-3E1A-451A-908C-F08737ECAD22}"
EndProject
Global
	GlobalSection(SolutionConfigurationPlatforms) = preSolution
		Debug|Any CPU = Debug|Any CPU
		Release|Any CPU = Release|Any CPU
	EndGlobalSection
	GlobalSection(ProjectConfigurationPlatforms) = postSolution
		{B2E31A7A-3E1A-451A-908C-F08737ECAD22}.Debug|Any CPU.ActiveCfg = Debug|Any CPU
		{B2E31A7A-3E1A-451A-908C-F08737ECAD22}.Debug|Any CPU.Build.0 = Debug|Any CPU
		{B2E31A7A-3E1A-451A-908C-F08737ECAD22}.Release|Any CPU.ActiveCfg = Release|Any CPU
		{B2E31A7A-3E1A-451A-908C-F08737ECAD22}.Release|Any CPU.Build.0 = Release|Any CPU
	EndGlobalSection
	GlobalSection(SolutionProperties) = preSolution
		HideSolutionNode = FALSE
	EndGlobalSection
	GlobalSection(ExtensibilityGlobals) = postSolution
		SolutionGuid = {E3033279-BEC0-4629-911A-408CEBBE42CD}
	EndGlobalSection
EndGlobal
