
Microsoft Visual Studio Solution File, Format Version 12.00
# Visual Studio 15
VisualStudioVersion = 15.0.27703.2042
MinimumVisualStudioVersion = 10.0.40219.1
Project("{FAE04EC0-301F-11D3-BF4B-00C04F79EFBC}") = "TestHTML", "TestHTML\TestHTML.csproj", "{987937C4-F5DF-4D51-B4CA-051A8B3BEC60}"
EndProject
Global
	GlobalSection(SolutionConfigurationPlatforms) = preSolution
		Debug|Any CPU = Debug|Any CPU
		Release|Any CPU = Release|Any CPU
	EndGlobalSection
	GlobalSection(ProjectConfigurationPlatforms) = postSolution
		{987937C4-F5DF-4D51-B4CA-051A8B3BEC60}.Debug|Any CPU.ActiveCfg = Debug|Any CPU
		{987937C4-F5DF-4D51-B4CA-051A8B3BEC60}.Debug|Any CPU.Build.0 = Debug|Any CPU
		{987937C4-F5DF-4D51-B4CA-051A8B3BEC60}.Release|Any CPU.ActiveCfg = Release|Any CPU
		{987937C4-F5DF-4D51-B4CA-051A8B3BEC60}.Release|Any CPU.Build.0 = Release|Any CPU
	EndGlobalSection
	GlobalSection(SolutionProperties) = preSolution
		HideSolutionNode = FALSE
	EndGlobalSection
	GlobalSection(ExtensibilityGlobals) = postSolution
		SolutionGuid = {F22F8B0E-2B77-4207-9F09-0A147CCB2E0F}
	EndGlobalSection
EndGlobal
